{
  "version": "4",
  "specifiers": {
    "npm:@bfmeta/sign-util@^1.1.1": "1.1.1",
    "npm:@gaubee/util@~0.14.4": "0.14.4",
    "npm:@jsr/std__cli@^1.0.6": "1.0.6",
    "npm:@types/multicast-dns@^7.2.4": "7.2.4",
    "npm:import-meta-ponyfill@^3.2.1": "3.2.1",
    "npm:multicast-dns@^7.2.5": "7.2.5",
    "npm:zod@^3.23.8": "3.23.8"
  },
  "npm": {
    "@bfmeta/sign-util@1.1.1": {
      "integrity": "sha512-i+5f24uyVqca0pzWELy0JZUnhpn3OJz+NV7YmF0xIj57tsodC9PXJCkIGouYSozdLI6kLyJsnosA63QDmOgKSQ==",
      "dependencies": [
        "tslib"
      ]
    },
    "@gaubee/util@0.14.4": {
      "integrity": "sha512-RS5pgjnuV5bGLdCaVGPQE9QM10tEa8tWoOKHULlxSHW5rca5qqlPwC+V1EZfVtB+qjHXtJ/il1ofkRCQY1glqg==",
      "dependencies": [
        "tslib"
      ]
    },
    "@jsr/std__cli@1.0.6": {
      "integrity": "sha512-aWfDn9Hsr8wGI1D0nX4o1ADCt93gerYy3bU7zXrlymxD1HXTWj3EfgOq2/cKmpcTmR/PWBensX4AnenprWb9cA=="
    },
    "@leichtgewicht/ip-codec@2.0.5": {
      "integrity": "sha512-Vo+PSpZG2/fmgmiNzYK9qWRh8h/CHrwD0mo1h1DzL4yzHNSfWYujGTYsWGreD000gcgmZ7K4Ys6Tx9TxtsKdDw=="
    },
    "@types/dns-packet@5.6.5": {
      "integrity": "sha512-qXOC7XLOEe43ehtWJCMnQXvgcIpv6rPmQ1jXT98Ad8A3TB1Ue50jsCbSSSyuazScEuZ/Q026vHbrOTVkmwA+7Q==",
      "dependencies": [
        "@types/node"
      ]
    },
    "@types/multicast-dns@7.2.4": {
      "integrity": "sha512-ib5K4cIDR4Ro5SR3Sx/LROkMDa0BHz0OPaCBL/OSPDsAXEGZ3/KQeS6poBKYVN7BfjXDL9lWNwzyHVgt/wkyCw==",
      "dependencies": [
        "@types/dns-packet",
        "@types/node"
      ]
    },
    "@types/node@22.5.4": {
      "integrity": "sha512-FDuKUJQm/ju9fT/SeX/6+gBzoPzlVCzfzmGkwKvRHQVxi4BntVbyIwf6a4Xn62mrvndLiml6z/UBXIdEVjQLXg==",
      "dependencies": [
        "undici-types"
      ]
    },
    "dns-packet@5.6.1": {
      "integrity": "sha512-l4gcSouhcgIKRvyy99RNVOgxXiicE+2jZoNmaNmZ6JXiGajBOJAesk1OBlJuM5k2c+eudGdLxDqXuPCKIj6kpw==",
      "dependencies": [
        "@leichtgewicht/ip-codec"
      ]
    },
    "import-meta-ponyfill@3.2.1": {
      "integrity": "sha512-2dwCESkA/LyTF/YMWRR5v7DWfzqFqodiUTmgu6MjhkpO0rFAerPgdUtvVc0t7rsezL55nK1eqlTILW9WiLvDEQ=="
    },
    "multicast-dns@7.2.5": {
      "integrity": "sha512-2eznPJP8z2BFLX50tf0LuODrpINqP1RVIm/CObbTcBRITQgmC/TjcREF1NeTBzIcR5XO/ukWo+YHOjBbFwIupg==",
      "dependencies": [
        "dns-packet",
        "thunky"
      ]
    },
    "thunky@1.1.0": {
      "integrity": "sha512-eHY7nBftgThBqOyHGVN+l8gF0BucP09fMo0oO/Lb0w1OF80dJv+lDVpXG60WMQvkcxAkNybKsrEIE3ZtKGmPrA=="
    },
    "tslib@2.8.1": {
      "integrity": "sha512-oJFu94HQb+KVduSUQL7wnpmqnfmLsOA/nAh6b6EH0wCEoK0/mPeXU6c3wKDV83MkOuHPRHtSXKKU99IBazS/2w=="
    },
    "undici-types@6.19.8": {
      "integrity": "sha512-ve2KP6f/JnbPBFyobGHuerC9g1FYGn/F8n1LWTwNxCEzd6IfqTwUQcNXgEtmmQ6DlRrC1hrSrBnCZPokRrDHjw=="
    },
    "zod@3.23.8": {
      "integrity": "sha512-XBx9AXhXktjUqnepgTiE5flcKIYWi/rme0Eaj+5Y0lftuGBq+jyRu/md4WnuxqgP1ubdpNCsYEYPxrzVHD8d6g=="
    }
  },
  "workspace": {
    "packageJson": {
      "dependencies": [
        "npm:@bfmeta/sign-util@^1.1.1",
        "npm:@gaubee/util@~0.14.4",
        "npm:@jsr/std__cli@^1.0.6",
        "npm:@types/multicast-dns@^7.2.4",
        "npm:import-meta-ponyfill@^3.2.1",
        "npm:multicast-dns@^7.2.5",
        "npm:zod@^3.23.8"
      ]
    }
  }
}
