lockfileVersion: '9.0'

settings:
  autoInstallPeers: true
  excludeLinksFromLockfile: false

importers:

  .:
    dependencies:
      '@bfmeta/sign-util':
        specifier: ^1.1.1
        version: 1.1.1
      '@gaubee/util':
        specifier: ^0.14.4
        version: 0.14.4
      import-meta-ponyfill:
        specifier: ^3.2.1
        version: 3.2.1
      zod:
        specifier: ^3.23.8
        version: 3.23.8
    devDependencies:
      '@std/cli':
        specifier: npm:@jsr/std__cli@^1.0.6
        version: '@jsr/std__cli@1.0.6'
      '@types/multicast-dns':
        specifier: ^7.2.4
        version: 7.2.4
      multicast-dns:
        specifier: ^7.2.5
        version: 7.2.5

packages:

  '@bfmeta/sign-util@1.1.1':
    resolution: {integrity: sha512-i+5f24uyVqca0pzWELy0JZUnhpn3OJz+NV7YmF0xIj57tsodC9PXJCkIGouYSozdLI6kLyJsnosA63QDmOgKSQ==}

  '@gaubee/util@0.14.4':
    resolution: {integrity: sha512-RS5pgjnuV5bGLdCaVGPQE9QM10tEa8tWoOKHULlxSHW5rca5qqlPwC+V1EZfVtB+qjHXtJ/il1ofkRCQY1glqg==}

  '@jsr/std__cli@1.0.6':
    resolution: {integrity: sha512-aWfDn9Hsr8wGI1D0nX4o1ADCt93gerYy3bU7zXrlymxD1HXTWj3EfgOq2/cKmpcTmR/PWBensX4AnenprWb9cA==, tarball: https://npm.jsr.io/~/11/@jsr/std__cli/1.0.6.tgz}

  '@leichtgewicht/ip-codec@2.0.5':
    resolution: {integrity: sha512-Vo+PSpZG2/fmgmiNzYK9qWRh8h/CHrwD0mo1h1DzL4yzHNSfWYujGTYsWGreD000gcgmZ7K4Ys6Tx9TxtsKdDw==}

  '@types/dns-packet@5.6.5':
    resolution: {integrity: sha512-qXOC7XLOEe43ehtWJCMnQXvgcIpv6rPmQ1jXT98Ad8A3TB1Ue50jsCbSSSyuazScEuZ/Q026vHbrOTVkmwA+7Q==}

  '@types/multicast-dns@7.2.4':
    resolution: {integrity: sha512-ib5K4cIDR4Ro5SR3Sx/LROkMDa0BHz0OPaCBL/OSPDsAXEGZ3/KQeS6poBKYVN7BfjXDL9lWNwzyHVgt/wkyCw==}

  '@types/node@20.17.6':
    resolution: {integrity: sha512-VEI7OdvK2wP7XHnsuXbAJnEpEkF6NjSN45QJlL4VGqZSXsnicpesdTWsg9RISeSdYd3yeRj/y3k5KGjUXYnFwQ==}

  dns-packet@5.6.1:
    resolution: {integrity: sha512-l4gcSouhcgIKRvyy99RNVOgxXiicE+2jZoNmaNmZ6JXiGajBOJAesk1OBlJuM5k2c+eudGdLxDqXuPCKIj6kpw==}
    engines: {node: '>=6'}

  import-meta-ponyfill@3.2.1:
    resolution: {integrity: sha512-2dwCESkA/LyTF/YMWRR5v7DWfzqFqodiUTmgu6MjhkpO0rFAerPgdUtvVc0t7rsezL55nK1eqlTILW9WiLvDEQ==}

  multicast-dns@7.2.5:
    resolution: {integrity: sha512-2eznPJP8z2BFLX50tf0LuODrpINqP1RVIm/CObbTcBRITQgmC/TjcREF1NeTBzIcR5XO/ukWo+YHOjBbFwIupg==}
    hasBin: true

  thunky@1.1.0:
    resolution: {integrity: sha512-eHY7nBftgThBqOyHGVN+l8gF0BucP09fMo0oO/Lb0w1OF80dJv+lDVpXG60WMQvkcxAkNybKsrEIE3ZtKGmPrA==}

  tslib@2.8.1:
    resolution: {integrity: sha512-oJFu94HQb+KVduSUQL7wnpmqnfmLsOA/nAh6b6EH0wCEoK0/mPeXU6c3wKDV83MkOuHPRHtSXKKU99IBazS/2w==}

  undici-types@6.19.8:
    resolution: {integrity: sha512-ve2KP6f/JnbPBFyobGHuerC9g1FYGn/F8n1LWTwNxCEzd6IfqTwUQcNXgEtmmQ6DlRrC1hrSrBnCZPokRrDHjw==}

  zod@3.23.8:
    resolution: {integrity: sha512-XBx9AXhXktjUqnepgTiE5flcKIYWi/rme0Eaj+5Y0lftuGBq+jyRu/md4WnuxqgP1ubdpNCsYEYPxrzVHD8d6g==}

snapshots:

  '@bfmeta/sign-util@1.1.1':
    dependencies:
      tslib: 2.8.1

  '@gaubee/util@0.14.4':
    dependencies:
      tslib: 2.8.1

  '@jsr/std__cli@1.0.6': {}

  '@leichtgewicht/ip-codec@2.0.5': {}

  '@types/dns-packet@5.6.5':
    dependencies:
      '@types/node': 20.17.6

  '@types/multicast-dns@7.2.4':
    dependencies:
      '@types/dns-packet': 5.6.5
      '@types/node': 20.17.6

  '@types/node@20.17.6':
    dependencies:
      undici-types: 6.19.8

  dns-packet@5.6.1:
    dependencies:
      '@leichtgewicht/ip-codec': 2.0.5

  import-meta-ponyfill@3.2.1: {}

  multicast-dns@7.2.5:
    dependencies:
      dns-packet: 5.6.1
      thunky: 1.1.0

  thunky@1.1.0: {}

  tslib@2.8.1: {}

  undici-types@6.19.8: {}

  zod@3.23.8: {}
